// !$*UTF8*$!
{
	archiveVersion = 1;
	classes = {
	};
	objectVersion = 42;
	objects = {

/* Begin PBXFileReference section */
		A00499B912A6F2890089B994 /* acinclude.m4 */ = {isa = PBXFileReference; fileEncoding = 4; lastKnownFileType = text; path = acinclude.m4; sourceTree = "<group>"; };
		A00499BA12A6F2890089B994 /* ChangeLog */ = {isa = PBXFileReference; fileEncoding = 4; lastKnownFileType = text; path = ChangeLog; sourceTree = "<group>"; };
		A00499BB12A6F2890089B994 /* configure.ac */ = {isa = PBXFileReference; fileEncoding = 4; lastKnownFileType = text; path = configure.ac; sourceTree = "<group>"; };
		A00499BC12A6F2890089B994 /* COPYING */ = {isa = PBXFileReference; fileEncoding = 4; lastKnownFileType = text; path = COPYING; sourceTree = "<group>"; };
		A00499BD12A6F2890089B994 /* Makefile.am */ = {isa = PBXFileReference; explicitFileType = sourcecode.make; fileEncoding = 4; path = Makefile.am; sourceTree = "<group>"; };
		A00499BE12A6F2890089B994 /* NEWS */ = {isa = PBXFileReference; fileEncoding = 4; lastKnownFileType = text; path = NEWS; sourceTree = "<group>"; };
		A00499BF12A6F2890089B994 /* README */ = {isa = PBXFileReference; fileEncoding = 4; lastKnownFileType = text; path = README; sourceTree = "<group>"; };
		A00499C012A6F2890089B994 /* THANKS */ = {isa = PBXFileReference; fileEncoding = 4; lastKnownFileType = text; path = THANKS; sourceTree = "<group>"; };
		A00499C112A6F2890089B994 /* TODO */ = {isa = PBXFileReference; fileEncoding = 4; lastKnownFileType = text; path = TODO; sourceTree = "<group>"; };
		A00499C312A6F2A40089B994 /* int2roman.3.in */ = {isa = PBXFileReference; explicitFileType = text.man; fileEncoding = 4; path = int2roman.3.in; sourceTree = "<group>"; };
		A00499C412A6F2A40089B994 /* int2roman_r.3 */ = {isa = PBXFileReference; explicitFileType = text.man; fileEncoding = 4; path = int2roman_r.3; sourceTree = "<group>"; };
		A00499C512A6F2A40089B994 /* long2roman.3 */ = {isa = PBXFileReference; explicitFileType = text.man; fileEncoding = 4; path = long2roman.3; sourceTree = "<group>"; };
		A00499C612A6F2A40089B994 /* long2roman_r.3 */ = {isa = PBXFileReference; explicitFileType = text.man; fileEncoding = 4; path = long2roman_r.3; sourceTree = "<group>"; };
		A00499C712A6F2A40089B994 /* roman.7.in */ = {isa = PBXFileReference; explicitFileType = text.man; fileEncoding = 4; path = roman.7.in; sourceTree = "<group>"; };
		A00499C812A6F2A40089B994 /* roman2int.3.in */ = {isa = PBXFileReference; explicitFileType = text.man; fileEncoding = 4; path = roman2int.3.in; sourceTree = "<group>"; };
		A00499C912A6F2A40089B994 /* roman2long.3 */ = {isa = PBXFileReference; explicitFileType = text.man; fileEncoding = 4; path = roman2long.3; sourceTree = "<group>"; };
		A00499CA12A6F2A40089B994 /* roman_asctime.3 */ = {isa = PBXFileReference; explicitFileType = text.man; fileEncoding = 4; path = roman_asctime.3; sourceTree = "<group>"; };
		A00499CB12A6F2A40089B994 /* roman_asctime_r.3 */ = {isa = PBXFileReference; explicitFileType = text.man; fileEncoding = 4; path = roman_asctime_r.3; sourceTree = "<group>"; };
		A00499CC12A6F2A40089B994 /* roman_ctime.3.in */ = {isa = PBXFileReference; explicitFileType = text.man; fileEncoding = 4; path = roman_ctime.3.in; sourceTree = "<group>"; };
		A00499CD12A6F2A40089B994 /* roman_ctime_r.3 */ = {isa = PBXFileReference; explicitFileType = text.man; fileEncoding = 4; path = roman_ctime_r.3; sourceTree = "<group>"; };
		A00499CE12A6F2A40089B994 /* roman_strftime.3.in */ = {isa = PBXFileReference; explicitFileType = text.man; fileEncoding = 4; path = roman_strftime.3.in; sourceTree = "<group>"; };
		A00499CF12A6F2A40089B994 /* romandate.1.in */ = {isa = PBXFileReference; explicitFileType = text.man; fileEncoding = 4; path = romandate.1.in; sourceTree = "<group>"; };
		A00499D012A6F2A40089B994 /* romannum.1.in */ = {isa = PBXFileReference; explicitFileType = text.man; fileEncoding = 4; path = romannum.1.in; sourceTree = "<group>"; };
		A00499D112A6F2A40089B994 /* romannumeral.7 */ = {isa = PBXFileReference; explicitFileType = text.man; fileEncoding = 4; path = romannumeral.7; sourceTree = "<group>"; };
		A00499D312A6F2A40089B994 /* int2roman.c */ = {isa = PBXFileReference; fileEncoding = 4; lastKnownFileType = sourcecode.c.c; path = int2roman.c; sourceTree = "<group>"; };
		A00499D412A6F2A40089B994 /* roman2int.c */ = {isa = PBXFileReference; fileEncoding = 4; lastKnownFileType = sourcecode.c.c; path = roman2int.c; sourceTree = "<group>"; };
		A00499D512A6F2A40089B994 /* roman_asctime.c */ = {isa = PBXFileReference; fileEncoding = 4; lastKnownFileType = sourcecode.c.c; path = roman_asctime.c; sourceTree = "<group>"; };
		A00499D612A6F2A40089B994 /* roman_ctime.c */ = {isa = PBXFileReference; fileEncoding = 4; lastKnownFileType = sourcecode.c.c; path = roman_ctime.c; sourceTree = "<group>"; };
		A00499D712A6F2A40089B994 /* roman_strftime.c */ = {isa = PBXFileReference; fileEncoding = 4; lastKnownFileType = sourcecode.c.c; path = roman_strftime.c; sourceTree = "<group>"; };
		A00499D912A6F2A40089B994 /* roman.h */ = {isa = PBXFileReference; fileEncoding = 4; lastKnownFileType = sourcecode.c.h; path = roman.h; sourceTree = "<group>"; };
		A00499DB12A6F2A40089B994 /* libroman.c */ = {isa = PBXFileReference; fileEncoding = 4; lastKnownFileType = sourcecode.c.c; path = libroman.c; sourceTree = "<group>"; };
		A00499DC12A6F2A40089B994 /* libroman.def.in */ = {isa = PBXFileReference; fileEncoding = 4; lastKnownFileType = text; path = libroman.def.in; sourceTree = "<group>"; };
		A00499DD12A6F2A40089B994 /* libroman.h */ = {isa = PBXFileReference; fileEncoding = 4; lastKnownFileType = sourcecode.c.h; path = libroman.h; sourceTree = "<group>"; };
		A00499DE12A6F2A40089B994 /* libroman.sym */ = {isa = PBXFileReference; fileEncoding = 4; lastKnownFileType = text; path = libroman.sym; sourceTree = "<group>"; };
		A00499E012A6F2A40089B994 /* roman_charts.c */ = {isa = PBXFileReference; fileEncoding = 4; lastKnownFileType = sourcecode.c.c; path = roman_charts.c; sourceTree = "<group>"; };
		A00499E112A6F2A40089B994 /* roman_charts.h */ = {isa = PBXFileReference; fileEncoding = 4; lastKnownFileType = sourcecode.c.h; path = roman_charts.h; sourceTree = "<group>"; };
		A00499E212A6F2A40089B994 /* romandate.c */ = {isa = PBXFileReference; fileEncoding = 4; lastKnownFileType = sourcecode.c.c; path = romandate.c; sourceTree = "<group>"; };
		A00499E312A6F2A40089B994 /* romannum.c */ = {isa = PBXFileReference; fileEncoding = 4; lastKnownFileType = sourcecode.c.c; path = romannum.c; sourceTree = "<group>"; };
		A00499E512A6F2A40089B994 /* check_int2roman.c */ = {isa = PBXFileReference; fileEncoding = 4; lastKnownFileType = sourcecode.c.c; path = check_int2roman.c; sourceTree = "<group>"; };
		A00499E612A6F2A40089B994 /* check_roman2int.c */ = {isa = PBXFileReference; fileEncoding = 4; lastKnownFileType = sourcecode.c.c; path = check_roman2int.c; sourceTree = "<group>"; };
		A00499E712A6F2A40089B994 /* check_roman2int_c.c */ = {isa = PBXFileReference; fileEncoding = 4; lastKnownFileType = sourcecode.c.c; path = check_roman2int_c.c; sourceTree = "<group>"; };
		A00499E812A6F2A40089B994 /* check_roman2int_d.c */ = {isa = PBXFileReference; fileEncoding = 4; lastKnownFileType = sourcecode.c.c; path = check_roman2int_d.c; sourceTree = "<group>"; };
		A00499E912A6F2A40089B994 /* check_roman2int_i.c */ = {isa = PBXFileReference; fileEncoding = 4; lastKnownFileType = sourcecode.c.c; path = check_roman2int_i.c; sourceTree = "<group>"; };
		A00499EA12A6F2A40089B994 /* check_roman2int_l.c */ = {isa = PBXFileReference; fileEncoding = 4; lastKnownFileType = sourcecode.c.c; path = check_roman2int_l.c; sourceTree = "<group>"; };
		A00499EB12A6F2A40089B994 /* check_roman2int_m.c */ = {isa = PBXFileReference; fileEncoding = 4; lastKnownFileType = sourcecode.c.c; path = check_roman2int_m.c; sourceTree = "<group>"; };
		A00499EC12A6F2A40089B994 /* check_roman2int_n.c */ = {isa = PBXFileReference; fileEncoding = 4; lastKnownFileType = sourcecode.c.c; path = check_roman2int_n.c; sourceTree = "<group>"; };
		A00499ED12A6F2A40089B994 /* check_roman2int_v.c */ = {isa = PBXFileReference; fileEncoding = 4; lastKnownFileType = sourcecode.c.c; path = check_roman2int_v.c; sourceTree = "<group>"; };
		A00499EE12A6F2A40089B994 /* check_roman2int_x.c */ = {isa = PBXFileReference; fileEncoding = 4; lastKnownFileType = sourcecode.c.c; path = check_roman2int_x.c; sourceTree = "<group>"; };
/* End PBXFileReference section */

/* Begin PBXGroup section */
		A00499A412A6F23C0089B994 = {
			isa = PBXGroup;
			children = (
				A00499B912A6F2890089B994 /* acinclude.m4 */,
				A00499BA12A6F2890089B994 /* ChangeLog */,
				A00499BB12A6F2890089B994 /* configure.ac */,
				A00499BC12A6F2890089B994 /* COPYING */,
				A00499BD12A6F2890089B994 /* Makefile.am */,
				A00499BE12A6F2890089B994 /* NEWS */,
				A00499BF12A6F2890089B994 /* README */,
				A00499C012A6F2890089B994 /* THANKS */,
				A00499C112A6F2890089B994 /* TODO */,
				A00499C212A6F2A40089B994 /* doc */,
				A00499D212A6F2A40089B994 /* examples */,
				A00499D812A6F2A40089B994 /* include */,
				A00499DA12A6F2A40089B994 /* lib */,
				A00499DF12A6F2A40089B994 /* src */,
				A00499E412A6F2A40089B994 /* tests */,
			);
			sourceTree = "<group>";
		};
		A00499C212A6F2A40089B994 /* doc */ = {
			isa = PBXGroup;
			children = (
				A00499C312A6F2A40089B994 /* int2roman.3.in */,
				A00499C412A6F2A40089B994 /* int2roman_r.3 */,
				A00499C512A6F2A40089B994 /* long2roman.3 */,
				A00499C612A6F2A40089B994 /* long2roman_r.3 */,
				A00499C712A6F2A40089B994 /* roman.7.in */,
				A00499C812A6F2A40089B994 /* roman2int.3.in */,
				A00499C912A6F2A40089B994 /* roman2long.3 */,
				A00499CA12A6F2A40089B994 /* roman_asctime.3 */,
				A00499CB12A6F2A40089B994 /* roman_asctime_r.3 */,
				A00499CC12A6F2A40089B994 /* roman_ctime.3.in */,
				A00499CD12A6F2A40089B994 /* roman_ctime_r.3 */,
				A00499CE12A6F2A40089B994 /* roman_strftime.3.in */,
				A00499CF12A6F2A40089B994 /* romandate.1.in */,
				A00499D012A6F2A40089B994 /* romannum.1.in */,
				A00499D112A6F2A40089B994 /* romannumeral.7 */,
			);
			path = doc;
			sourceTree = "<group>";
		};
		A00499D212A6F2A40089B994 /* examples */ = {
			isa = PBXGroup;
			children = (
				A00499D312A6F2A40089B994 /* int2roman.c */,
				A00499D412A6F2A40089B994 /* roman2int.c */,
				A00499D512A6F2A40089B994 /* roman_asctime.c */,
				A00499D612A6F2A40089B994 /* roman_ctime.c */,
				A00499D712A6F2A40089B994 /* roman_strftime.c */,
			);
			path = examples;
			sourceTree = "<group>";
		};
		A00499D812A6F2A40089B994 /* include */ = {
			isa = PBXGroup;
			children = (
				A00499D912A6F2A40089B994 /* roman.h */,
			);
			path = include;
			sourceTree = "<group>";
		};
		A00499DA12A6F2A40089B994 /* lib */ = {
			isa = PBXGroup;
			children = (
				A00499DB12A6F2A40089B994 /* libroman.c */,
				A00499DC12A6F2A40089B994 /* libroman.def.in */,
				A00499DD12A6F2A40089B994 /* libroman.h */,
				A00499DE12A6F2A40089B994 /* libroman.sym */,
			);
			path = lib;
			sourceTree = "<group>";
		};
		A00499DF12A6F2A40089B994 /* src */ = {
			isa = PBXGroup;
			children = (
				A00499E012A6F2A40089B994 /* roman_charts.c */,
				A00499E112A6F2A40089B994 /* roman_charts.h */,
				A00499E212A6F2A40089B994 /* romandate.c */,
				A00499E312A6F2A40089B994 /* romannum.c */,
			);
			path = src;
			sourceTree = "<group>";
		};
		A00499E412A6F2A40089B994 /* tests */ = {
			isa = PBXGroup;
			children = (
				A00499E512A6F2A40089B994 /* check_int2roman.c */,
				A00499E612A6F2A40089B994 /* check_roman2int.c */,
				A00499E712A6F2A40089B994 /* check_roman2int_c.c */,
				A00499E812A6F2A40089B994 /* check_roman2int_d.c */,
				A00499E912A6F2A40089B994 /* check_roman2int_i.c */,
				A00499EA12A6F2A40089B994 /* check_roman2int_l.c */,
				A00499EB12A6F2A40089B994 /* check_roman2int_m.c */,
				A00499EC12A6F2A40089B994 /* check_roman2int_n.c */,
				A00499ED12A6F2A40089B994 /* check_roman2int_v.c */,
				A00499EE12A6F2A40089B994 /* check_roman2int_x.c */,
			);
			path = tests;
			sourceTree = "<group>";
		};
/* End PBXGroup section */

/* Begin PBXProject section */
		A00499A612A6F23C0089B994 /* Project object */ = {
			isa = PBXProject;
			buildConfigurationList = A00499A912A6F23C0089B994 /* Build configuration list for PBXProject "roman" */;
			compatibilityVersion = "Xcode 2.4";
			developmentRegion = English;
			hasScannedForEncodings = 0;
			knownRegions = (
				English,
				Japanese,
				French,
				German,
			);
			mainGroup = A00499A412A6F23C0089B994;
			projectDirPath = "";
			projectRoot = "";
			targets = (
			);
		};
/* End PBXProject section */

/* Begin XCBuildConfiguration section */
		A00499A712A6F23C0089B994 /* Debug */ = {
			isa = XCBuildConfiguration;
			buildSettings = {
				COPY_PHASE_STRIP = NO;
			};
			name = Debug;
		};
		A00499A812A6F23C0089B994 /* Release */ = {
			isa = XCBuildConfiguration;
			buildSettings = {
				COPY_PHASE_STRIP = YES;
			};
			name = Release;
		};
/* End XCBuildConfiguration section */

/* Begin XCConfigurationList section */
		A00499A912A6F23C0089B994 /* Build configuration list for PBXProject "roman" */ = {
			isa = XCConfigurationList;
			buildConfigurations = (
				A00499A712A6F23C0089B994 /* Debug */,
				A00499A812A6F23C0089B994 /* Release */,
			);
			defaultConfigurationIsVisible = 0;
			defaultConfigurationName = Release;
		};
/* End XCConfigurationList section */
	};
	rootObject = A00499A612A6F23C0089B994 /* Project object */;
}
